# This file is autogenerated, do not edit; changes may be undone by the next 'dep ensure'.


[[projects]]
  digest = "1:0e3130b70027a5e7c600d317cf96bf184ae800bc64343339ec3cb29107195364"
  name = "cloud.google.com/go"
  packages = ["compute/metadata"]
  pruneopts = "T"
  revision = "cfe8f6d1fe6976d03af790d7a8b9bf6aa73287bd"
  version = "v0.47.0"

[[projects]]
  digest = "1:147748cfa709da38076c3df47f6bca6814c8ced6cba510065ec03f2120cc4819"
  name = "github.com/BurntSushi/toml"
  packages = ["."]
  pruneopts = "T"
  revision = "3012a1dbe2e4bd1391d42b32f0577cb7bbc7f005"
  version = "v0.3.1"

[[projects]]
  digest = "1:6b014c67cb522566c30ef02116f9acb50cd60954708cf92c6654e2985696db18"
  name = "github.com/dgrijalva/jwt-go"
  packages = ["."]
  pruneopts = "T"
  revision = "06ea1031745cb8b3dab3f6a236daf2b0aa468b7e"
  version = "v3.2.0"

[[projects]]
  digest = "1:892aa5ecfd3280a3917757429de2a6ae1efa9b7b9051eac747a09f1bc5cad6f8"
  name = "github.com/go-playground/locales"
  packages = [
    ".",
    "currency",
  ]
  pruneopts = "T"
  revision = "9f105231d3a5f6877a2bf8321dfa15ea6f844b1b"
  version = "v0.13.0"

[[projects]]
  digest = "1:c7965197b6ef4e3f0464248b6a4a6db0b5678e68ed0c7e6aeced022b0c62ac74"
  name = "github.com/go-playground/universal-translator"
  packages = ["."]
  pruneopts = "T"
  revision = "b32fa301c9fe55953584134cb6853a13c87ec0a1"
  version = "v0.16.0"

[[projects]]
  digest = "1:92d9d8d25bbab74ef8a3c546c121e24542ac984ccdc4f99678e06042a45e71f8"
  name = "github.com/go-sql-driver/mysql"
  packages = ["."]
  pruneopts = "T"
  revision = "72cd26f257d44c1114970e19afddcd812016007e"
  version = "v1.4.1"

[[projects]]
  branch = "master"
  digest = "1:c951a6c70a074efbfa0c3525c52953e3a0ec667df520ecac6117235fa5e584ce"
  name = "github.com/golang/groupcache"
  packages = ["lru"]
  pruneopts = "T"
  revision = "611e8accdfc92c4187d399e95ce826046d4c8d73"

[[projects]]
  digest = "1:ee6b8c03e5ab6cf9628a3c538430d007f8534483dc46c7ff5955a4359d5ef865"
  name = "github.com/golang/protobuf"
  packages = [
    "proto",
    "ptypes",
    "ptypes/any",
    "ptypes/duration",
    "ptypes/timestamp",
  ]
  pruneopts = "T"
  revision = "6c65a5562fc06764971b7c5d05c76c75e84bdbf7"
  version = "v1.3.2"

[[projects]]
  branch = "master"
  digest = "1:471aca089cb914ed42ee467036e7c2ecfa96c464f316dd026a748d3d4731432c"
  name = "github.com/gomodule/oauth1"
  packages = ["oauth"]
  pruneopts = "T"
  revision = "9a59ed3b0a84f454c260f2f8f82918223fc5630f"

[[projects]]
  digest = "1:53ee5b24b96aec90ee636b1ef81a9287daa6b60590567987e5f1dab675f12350"
  name = "github.com/google/go-github"
  packages = ["github"]
  pruneopts = "T"
  revision = "9686ff0746200cf521ce225525b421e13b4eac1a"
  version = "v28.1.1"

[[projects]]
  digest = "1:a98aaa0376806017a5d6f88cb8c3b8206943bd16585f58b394ac62d6e8abbc73"
  name = "github.com/google/go-querystring"
  packages = ["query"]
  pruneopts = "T"
  revision = "44c6ddd0a2342c386950e880b658017258da92fc"
  version = "v1.0.0"

[[projects]]
  digest = "1:582b704bebaa06b48c29b0cec224a6058a09c86883aaddabde889cd1a5f73e1b"
  name = "github.com/google/uuid"
  packages = ["."]
  pruneopts = "T"
  revision = "0cd6bf5da1e1c83f8b45653022c74f71af0538a4"
  version = "v1.1.1"

[[projects]]
  digest = "1:2e734db0d54ce90b2dc4aa69a1da8568b48d61f0b809c75b41c8e054e6ba7cc3"
  name = "github.com/googleapis/gax-go"
  packages = ["v2"]
  pruneopts = "T"
  revision = "bd5b16380fd03dc758d11cef74ba2e3bc8b0e8c2"
  version = "v2.0.5"

[[projects]]
  digest = "1:55d1a44ee5e75217224af913201bb5fdb0afe4769fc4853f32a35572c199cf29"
  name = "github.com/inconshreveable/log15"
  packages = ["term"]
  pruneopts = "T"
  revision = "67afb5ed74ec82fd7ac8f49d27c509ac6f991970"
  version = "v2.14"

[[projects]]
  digest = "1:803dba0249e0ada4c7d3d20a9c40b9f98ec0730dface4dc120b9101278bfe462"
  name = "github.com/jinzhu/gorm"
  packages = ["."]
  pruneopts = "T"
  revision = "81c17a7e2529c59efc4e74c5b32c1fb71fb12fa2"
  version = "v1.9.11"

[[projects]]
  digest = "1:01ed62f8f4f574d8aff1d88caee113700a2b44c42351943fa73cc1808f736a50"
  name = "github.com/jinzhu/inflection"
  packages = ["."]
  pruneopts = "T"
  revision = "f5c5f50e6090ae76a29240b61ae2a90dd810112e"
  version = "v1.0.0"

[[projects]]
  digest = "1:cd82b1cb0ad386ce7be27c3009fb352762d2b710d4d04f90be15bac31dd45618"
  name = "github.com/leodido/go-urn"
  packages = ["."]
  pruneopts = "T"
  revision = "a0f5013415294bb94553821ace21a1a74c0298cc"
  version = "v1.2.0"

[[projects]]
  digest = "1:36cb12001ece762fbfa02241d6d3076097feec51cacbdc3bd794178214b320ac"
  name = "github.com/mattn/go-colorable"
  packages = ["."]
  pruneopts = "T"
  revision = "98ec13f34aabf44cc914c65a1cfb7b9bc815aef1"
  version = "v0.1.4"

[[projects]]
  digest = "1:542eed1c9c3e794985f067cad69b115917cb51517b5a8b16f68847746903bdb7"
  name = "github.com/mattn/go-isatty"
  packages = ["."]
  pruneopts = "T"
  revision = "88ba11cfdc67c7588b30042edf244b2875f892b6"
  version = "v0.0.10"

[[projects]]
  digest = "1:32f12aa6e62f58ee3e1b019bd999fec0b674d71a6f0a18c0cf37e3a255fdc1fd"
  name = "github.com/revel/cmd"
  packages = ["."]
  pruneopts = "T"
  revision = "149f9f992be9b0957fb1ffeda43c14a123ceb43a"
  version = "v0.21.1"

[[projects]]
  digest = "1:b966ac707f293c58ebff5689d7c240199044c5728d3df818ded0139b3256fbd5"
  name = "github.com/revel/config"
  packages = ["."]
  pruneopts = "T"
  revision = "a81c4105c36841d27e529f875b6062da7b8f986c"
  version = "v0.21.0"

[[projects]]
  digest = "1:5feca17db09c8862450c74a1fc0a3e5c56dcf7b5866eff623907f43554820b77"
  name = "github.com/revel/log15"
  packages = ["."]
  pruneopts = "T"
  revision = "793412a67da6f8d15fede4c38f5c66272478cb8a"
  version = "v2.11.20"

[[projects]]
  digest = "1:f26e34994c91a979176a0676baffbdb67835984ad8ee804b81d88237b25fd679"
  name = "github.com/revel/modules"
  packages = [
    ".",
    "pprof/app/controllers",
    "static/app/controllers",
    "static/app/model",
    "testrunner/app",
    "testrunner/app/controllers",
  ]
  pruneopts = "T"
  revision = "a50f5f138880b68aef235a7c1f3f09ba56b71d45"
  version = "v0.21.0"

[[projects]]
  branch = "master"
  digest = "1:a0812e773563f2e41afebf582088a86b0f01eb5bd794c19ecc1bce25820b1fa2"
  name = "github.com/revel/pathtree"
  packages = ["."]
  pruneopts = "T"
  revision = "41257a1839e945fce74afd070e02bab2ea2c776a"

[[projects]]
  digest = "1:7dc613280c1b8f80dd860f74f7175d5b006e5a24c09cb870f325b2e41e1e93ca"
  name = "github.com/revel/revel"
  packages = [
    ".",
    "logger",
    "model",
    "session",
    "testing",
    "utils",
  ]
  pruneopts = "T"
  revision = "a3d7a7c23ca885cc5036d3641ede49ce4a14ee2e"
  version = "v0.21.0"

[[projects]]
  digest = "1:4107932fdca2811de89ba03c6d1e21e7563ca6825fab0b407302a8def138871d"
  name = "github.com/twinj/uuid"
  packages = ["."]
  pruneopts = "T"
  revision = "835a10bbd6bce40820349a68b1368a62c3c5617c"
  version = "v1.0.0"

[[projects]]
  digest = "1:ffa6bd15109b4ad04ed01419ca6c0cf6e41afb335d84b68bb1251b24ec2353a2"
  name = "github.com/xeonx/timeago"
  packages = ["."]
  pruneopts = "T"
  revision = "4e7d8c1f9a433881f64a7f87f51e494186857982"
  version = "v1.0.0-rc4"

[[projects]]
  digest = "1:281e8d3e74fa7e37f6381d337cbc1e3a610afd60d349e522decc7bc0e60caebc"
  name = "go.opencensus.io"
  packages = [
    ".",
    "internal",
    "internal/tagencoding",
    "metric/metricdata",
    "metric/metricproducer",
    "plugin/ochttp",
    "plugin/ochttp/propagation/b3",
    "resource",
    "stats",
    "stats/internal",
    "stats/view",
    "tag",
    "trace",
    "trace/internal",
    "trace/propagation",
    "trace/tracestate",
  ]
  pruneopts = "T"
  revision = "59d1ce35d30f3c25ba762169da2a37eab6ffa041"
  version = "v0.22.1"

[[projects]]
  branch = "master"
  digest = "1:a8d425edaae2d19a9afcc22f2b1951db81114771b59d1db84c6d9330a4cad3fe"
  name = "golang.org/x/crypto"
  packages = [
    "cast5",
    "openpgp",
    "openpgp/armor",
    "openpgp/elgamal",
    "openpgp/errors",
    "openpgp/packet",
    "openpgp/s2k",
  ]
  pruneopts = "T"
  revision = "8986dd9e96cf0a6f74da406c005ba3df38527c04"

[[projects]]
  branch = "master"
  digest = "1:3eca5476fecf4f19a0448755e7439ac3e0828956374915c08d1e066272523407"
  name = "golang.org/x/net"
  packages = [
    "context",
    "context/ctxhttp",
    "http/httpguts",
    "http2",
    "http2/hpack",
    "idna",
    "internal/timeseries",
    "trace",
    "websocket",
  ]
  pruneopts = "T"
  revision = "fe3aa8a4527195a6057b3fad46619d7d090e99b5"

[[projects]]
  branch = "master"
  digest = "1:5c4903dc027aa1eb2d6f1e5c85754f353eff2f99874e987dbeccda17e58e84b8"
  name = "golang.org/x/oauth2"
  packages = [
    ".",
    "github",
    "google",
    "internal",
    "jws",
    "jwt",
  ]
  pruneopts = "T"
  revision = "0f29369cfe4552d0e4bcddc57cc75f4d7e672a33"

[[projects]]
  branch = "master"
  digest = "1:20120702686e20ff134c179929dec80766cd772d7e0cfe2e205d3eeaefc53bd4"
  name = "golang.org/x/sys"
  packages = ["unix"]
  pruneopts = "T"
  revision = "f43be2a4598cf3a47be9f94f0c28197ed9eae611"

[[projects]]
  digest = "1:0a6103b1dc59b52f7e64a491b398b854c0fcaacde43c25ce468610a64311b72d"
  name = "golang.org/x/text"
  packages = [
    "collate",
    "collate/build",
    "internal/colltab",
    "internal/gen",
    "internal/language",
    "internal/language/compact",
    "internal/tag",
    "internal/triegen",
    "internal/ucd",
    "language",
    "secure/bidirule",
    "transform",
    "unicode/bidi",
    "unicode/cldr",
    "unicode/norm",
    "unicode/rangetable",
  ]
  pruneopts = "T"
  revision = "342b2e1fbaa52c93f31447ad2c6abc048c63e475"
  version = "v0.3.2"

[[projects]]
  digest = "1:4f371c3e3560a42d3d85723524c92ab352c8db2b7d0749609b0b83ee53a721d0"
  name = "google.golang.org/api"
  packages = [
    "googleapi",
    "googleapi/internal/uritemplates",
    "googleapi/transport",
    "internal",
    "internal/gensupport",
    "oauth2/v2",
    "option",
    "transport/http",
    "transport/http/internal/propagation",
  ]
  pruneopts = "T"
  revision = "4f42dad4690a01d7f6fa461106c63889ff1be027"
  version = "v0.13.0"

[[projects]]
  digest = "1:1ac5e79c6e170a365f8acb717c51139370e7309c54e796aa63f97e80cbc365b6"
  name = "google.golang.org/appengine"
  packages = [
    ".",
    "cloudsql",
    "internal",
    "internal/app_identity",
    "internal/base",
    "internal/datastore",
    "internal/log",
    "internal/modules",
    "internal/remote_api",
    "internal/urlfetch",
    "urlfetch",
  ]
  pruneopts = "T"
  revision = "971852bfffca25b069c31162ae8f247a3dba083b"
  version = "v1.6.5"

[[projects]]
  branch = "master"
  digest = "1:b29336aebd5fb26d3f6b8e776969db4e4e29765ff7313eb43d4593961a64e438"
  name = "google.golang.org/genproto"
  packages = ["googleapis/rpc/status"]
  pruneopts = "T"
  revision = "919d9bdd9fe6f1a5dd95ce5d5e4cdb8fd3c516d0"

[[projects]]
  digest = "1:2f625fffbe5899bc1e103e89bdbab2380b660b52d55fb1b3df1b007f4d866cb6"
  name = "google.golang.org/grpc"
  packages = [
    ".",
    "balancer",
    "balancer/base",
    "balancer/roundrobin",
    "binarylog/grpc_binarylog_v1",
    "codes",
    "connectivity",
    "credentials",
    "credentials/internal",
    "encoding",
    "encoding/proto",
    "grpclog",
    "internal",
    "internal/backoff",
    "internal/balancerload",
    "internal/binarylog",
    "internal/channelz",
    "internal/envconfig",
    "internal/grpcrand",
    "internal/grpcsync",
    "internal/syscall",
    "internal/transport",
    "keepalive",
    "metadata",
    "naming",
    "peer",
    "resolver",
    "resolver/dns",
    "resolver/passthrough",
    "serviceconfig",
    "stats",
    "status",
    "tap",
  ]
  pruneopts = "T"
  revision = "f6d0f9ee430895e87ef1ceb5ac8f39725bafceef"
  version = "v1.24.0"

[[projects]]
  digest = "1:7fc160b460a6fc506b37fcca68332464c3f2cd57b6e3f111f26c5bbfd2d5518e"
  name = "gopkg.in/fsnotify/fsnotify.v1"
  packages = ["."]
  pruneopts = "T"
  revision = "c2828203cd70a50dcccfb2761f8b1f8ceef9a8e9"
  version = "v1.4.7"

[[projects]]
  digest = "1:ad8cbd98bedf33fa07f557e41dbe19d6eb12725b1daeed05817b9d03dd65cdc8"
  name = "gopkg.in/go-playground/validator.v9"
  packages = ["."]
  pruneopts = "T"
  revision = "cd1bd581694a11c089aea885a26247c5f783a4cf"
  version = "v9.30.0"

[[projects]]
  digest = "1:c805e517269b0ba4c21ded5836019ed7d16953d4026cb7d00041d039c7906be9"
  name = "gopkg.in/natefinch/lumberjack.v2"
  packages = ["."]
  pruneopts = "T"
  revision = "a96e63847dc3c67d17befa69c303767e2f84e54f"
  version = "v2.1"

[[projects]]
  branch = "v0"
  digest = "1:00d2943cfcfbb3dc043f6d8586d0db5a9e8507c36429babe8d5d1af8ee43a753"
  name = "gopkg.in/stack.v0"
  packages = ["."]
  pruneopts = "T"
  revision = "9b43fcefddd0178abdabf4d484ab0d695d0011db"

[solve-meta]
  analyzer-name = "dep"
  analyzer-version = 1
  input-imports = [
    "github.com/BurntSushi/toml",
    "github.com/dgrijalva/jwt-go",
    "github.com/go-sql-driver/mysql",
    "github.com/gomodule/oauth1/oauth",
    "github.com/google/go-github/github",
    "github.com/google/uuid",
    "github.com/jinzhu/gorm",
    "github.com/revel/cmd",
    "github.com/revel/modules",
    "github.com/revel/modules/pprof/app/controllers",
    "github.com/revel/modules/static/app/controllers",
    "github.com/revel/modules/testrunner/app",
    "github.com/revel/modules/testrunner/app/controllers",
    "github.com/revel/revel",
    "github.com/revel/revel/testing",
    "golang.org/x/oauth2",
    "golang.org/x/oauth2/github",
    "golang.org/x/oauth2/google",
    "google.golang.org/api/oauth2/v2",
    "google.golang.org/api/option",
    "gopkg.in/go-playground/validator.v9",
  ]
  solver-name = "gps-cdcl"
  solver-version = 1
